
Microsoft Visual Studio Solution File, Format Version 12.00
# Visual Studio 15
VisualStudioVersion = 15.0.28307.271
MinimumVisualStudioVersion = 10.0.40219.1
Project("{FAE04EC0-301F-11D3-BF4B-00C04F79EFBC}") = "TipCalcMvvmCrossForms.Android", "TipCalcMvvmCrossForms\TipCalcMvvmCrossForms.Android\TipCalcMvvmCrossForms.Android.csproj", "{6440CB2B-9D76-4D48-8FB3-B584C2436A80}"
EndProject
Project("{FAE04EC0-301F-11D3-BF4B-00C04F79EFBC}") = "TipCalcMvvmCrossForms.iOS", "TipCalcMvvmCrossForms\TipCalcMvvmCrossForms.iOS\TipCalcMvvmCrossForms.iOS.csproj", "{3B6398D3-C485-4203-B83C-418ABBB51116}"
EndProject
Project("{FAE04EC0-301F-11D3-BF4B-00C04F79EFBC}") = "TipCalcMvvmCrossForms.UWP", "TipCalcMvvmCrossForms\TipCalcMvvmCrossForms.UWP\TipCalcMvvmCrossForms.UWP.csproj", "{35D2576F-CFB8-4811-9303-B3B78F45F875}"
EndProject
Project("{FAE04EC0-301F-11D3-BF4B-00C04F79EFBC}") = "TipCalcMvvmCrossForms", "TipCalcMvvmCrossForms\TipCalcMvvmCrossForms\TipCalcMvvmCrossForms.csproj", "{B852E5E6-11BA-4686-89FB-0839A0BF5B77}"
EndProject
Project("{FAE04EC0-301F-11D3-BF4B-00C04F79EFBC}") = "TipCalcMvvmCrossForms.UI", "TipCalcMvvmCrossForms\TipCalcMvvmCrossForms.UI\TipCalcMvvmCrossForms.UI.csproj", "{00D0F5CA-F0B1-4FF2-A56B-604D5161D0E4}"
EndProject
Global
	GlobalSection(SolutionConfigurationPlatforms) = preSolution
		Ad-Hoc|Any CPU = Ad-Hoc|Any CPU
		Ad-Hoc|ARM = Ad-Hoc|ARM
		Ad-Hoc|iPhone = Ad-Hoc|iPhone
		Ad-Hoc|iPhoneSimulator = Ad-Hoc|iPhoneSimulator
		Ad-Hoc|x64 = Ad-Hoc|x64
		Ad-Hoc|x86 = Ad-Hoc|x86
		AppStore|Any CPU = AppStore|Any CPU
		AppStore|ARM = AppStore|ARM
		AppStore|iPhone = AppStore|iPhone
		AppStore|iPhoneSimulator = AppStore|iPhoneSimulator
		AppStore|x64 = AppStore|x64
		AppStore|x86 = AppStore|x86
		Debug|Any CPU = Debug|Any CPU
		Debug|ARM = Debug|ARM
		Debug|iPhone = Debug|iPhone
		Debug|iPhoneSimulator = Debug|iPhoneSimulator
		Debug|x64 = Debug|x64
		Debug|x86 = Debug|x86
		Release|Any CPU = Release|Any CPU
		Release|ARM = Release|ARM
		Release|iPhone = Release|iPhone
		Release|iPhoneSimulator = Release|iPhoneSimulator
		Release|x64 = Release|x64
		Release|x86 = Release|x86
	EndGlobalSection
	GlobalSection(ProjectConfigurationPlatforms) = postSolution
		{6440CB2B-9D76-4D48-8FB3-B584C2436A80}.Ad-Hoc|Any CPU.ActiveCfg = Release|Any CPU
		{6440CB2B-9D76-4D48-8FB3-B584C2436A80}.Ad-Hoc|Any CPU.Build.0 = Release|Any CPU
		{6440CB2B-9D76-4D48-8FB3-B584C2436A80}.Ad-Hoc|Any CPU.Deploy.0 = Release|Any CPU
		{6440CB2B-9D76-4D48-8FB3-B584C2436A80}.Ad-Hoc|ARM.ActiveCfg = Release|Any CPU
		{6440CB2B-9D76-4D48-8FB3-B584C2436A80}.Ad-Hoc|ARM.Build.0 = Release|Any CPU
		{6440CB2B-9D76-4D48-8FB3-B584C2436A80}.Ad-Hoc|ARM.Deploy.0 = Release|Any CPU
		{6440CB2B-9D76-4D48-8FB3-B584C2436A80}.Ad-Hoc|iPhone.ActiveCfg = Release|Any CPU
		{6440CB2B-9D76-4D48-8FB3-B584C2436A80}.Ad-Hoc|iPhone.Build.0 = Release|Any CPU
		{6440CB2B-9D76-4D48-8FB3-B584C2436A80}.Ad-Hoc|iPhone.Deploy.0 = Release|Any CPU
		{6440CB2B-9D76-4D48-8FB3-B584C2436A80}.Ad-Hoc|iPhoneSimulator.ActiveCfg = Release|Any CPU
		{6440CB2B-9D76-4D48-8FB3-B584C2436A80}.Ad-Hoc|iPhoneSimulator.Build.0 = Release|Any CPU
		{6440CB2B-9D76-4D48-8FB3-B584C2436A80}.Ad-Hoc|iPhoneSimulator.Deploy.0 = Release|Any CPU
		{6440CB2B-9D76-4D48-8FB3-B584C2436A80}.Ad-Hoc|x64.ActiveCfg = Release|Any CPU
		{6440CB2B-9D76-4D48-8FB3-B584C2436A80}.Ad-Hoc|x64.Build.0 = Release|Any CPU
		{6440CB2B-9D76-4D48-8FB3-B584C2436A80}.Ad-Hoc|x64.Deploy.0 = Release|Any CPU
		{6440CB2B-9D76-4D48-8FB3-B584C2436A80}.Ad-Hoc|x86.ActiveCfg = Release|Any CPU
		{6440CB2B-9D76-4D48-8FB3-B584C2436A80}.Ad-Hoc|x86.Build.0 = Release|Any CPU
		{6440CB2B-9D76-4D48-8FB3-B584C2436A80}.Ad-Hoc|x86.Deploy.0 = Release|Any CPU
		{6440CB2B-9D76-4D48-8FB3-B584C2436A80}.AppStore|Any CPU.ActiveCfg = Release|Any CPU
		{6440CB2B-9D76-4D48-8FB3-B584C2436A80}.AppStore|Any CPU.Build.0 = Release|Any CPU
		{6440CB2B-9D76-4D48-8FB3-B584C2436A80}.AppStore|Any CPU.Deploy.0 = Release|Any CPU
		{6440CB2B-9D76-4D48-8FB3-B584C2436A80}.AppStore|ARM.ActiveCfg = Release|Any CPU
		{6440CB2B-9D76-4D48-8FB3-B584C2436A80}.AppStore|ARM.Build.0 = Release|Any CPU
		{6440CB2B-9D76-4D48-8FB3-B584C2436A80}.AppStore|ARM.Deploy.0 = Release|Any CPU
		{6440CB2B-9D76-4D48-8FB3-B584C2436A80}.AppStore|iPhone.ActiveCfg = Release|Any CPU
		{6440CB2B-9D76-4D48-8FB3-B584C2436A80}.AppStore|iPhone.Build.0 = Release|Any CPU
		{6440CB2B-9D76-4D48-8FB3-B584C2436A80}.AppStore|iPhone.Deploy.0 = Release|Any CPU
		{6440CB2B-9D76-4D48-8FB3-B584C2436A80}.AppStore|iPhoneSimulator.ActiveCfg = Release|Any CPU
		{6440CB2B-9D76-4D48-8FB3-B584C2436A80}.AppStore|iPhoneSimulator.Build.0 = Release|Any CPU
		{6440CB2B-9D76-4D48-8FB3-B584C2436A80}.AppStore|iPhoneSimulator.Deploy.0 = Release|Any CPU
		{6440CB2B-9D76-4D48-8FB3-B584C2436A80}.AppStore|x64.ActiveCfg = Release|Any CPU
		{6440CB2B-9D76-4D48-8FB3-B584C2436A80}.AppStore|x64.Build.0 = Release|Any CPU
		{6440CB2B-9D76-4D48-8FB3-B584C2436A80}.AppStore|x64.Deploy.0 = Release|Any CPU
		{6440CB2B-9D76-4D48-8FB3-B584C2436A80}.AppStore|x86.ActiveCfg = Release|Any CPU
		{6440CB2B-9D76-4D48-8FB3-B584C2436A80}.AppStore|x86.Build.0 = Release|Any CPU
		{6440CB2B-9D76-4D48-8FB3-B584C2436A80}.AppStore|x86.Deploy.0 = Release|Any CPU
		{6440CB2B-9D76-4D48-8FB3-B584C2436A80}.Debug|Any CPU.ActiveCfg = Debug|Any CPU
		{6440CB2B-9D76-4D48-8FB3-B584C2436A80}.Debug|Any CPU.Build.0 = Debug|Any CPU
		{6440CB2B-9D76-4D48-8FB3-B584C2436A80}.Debug|Any CPU.Deploy.0 = Debug|Any CPU
		{6440CB2B-9D76-4D48-8FB3-B584C2436A80}.Debug|ARM.ActiveCfg = Debug|Any CPU
		{6440CB2B-9D76-4D48-8FB3-B584C2436A80}.Debug|ARM.Build.0 = Debug|Any CPU
		{6440CB2B-9D76-4D48-8FB3-B584C2436A80}.Debug|ARM.Deploy.0 = Debug|Any CPU
		{6440CB2B-9D76-4D48-8FB3-B584C2436A80}.Debug|iPhone.ActiveCfg = Debug|Any CPU
		{6440CB2B-9D76-4D48-8FB3-B584C2436A80}.Debug|iPhone.Build.0 = Debug|Any CPU
		{6440CB2B-9D76-4D48-8FB3-B584C2436A80}.Debug|iPhone.Deploy.0 = Debug|Any CPU
		{6440CB2B-9D76-4D48-8FB3-B584C2436A80}.Debug|iPhoneSimulator.ActiveCfg = Debug|Any CPU
		{6440CB2B-9D76-4D48-8FB3-B584C2436A80}.Debug|iPhoneSimulator.Build.0 = Debug|Any CPU
		{6440CB2B-9D76-4D48-8FB3-B584C2436A80}.Debug|iPhoneSimulator.Deploy.0 = Debug|Any CPU
		{6440CB2B-9D76-4D48-8FB3-B584C2436A80}.Debug|x64.ActiveCfg = Debug|Any CPU
		{6440CB2B-9D76-4D48-8FB3-B584C2436A80}.Debug|x64.Build.0 = Debug|Any CPU
		{6440CB2B-9D76-4D48-8FB3-B584C2436A80}.Debug|x64.Deploy.0 = Debug|Any CPU
		{6440CB2B-9D76-4D48-8FB3-B584C2436A80}.Debug|x86.ActiveCfg = Debug|Any CPU
		{6440CB2B-9D76-4D48-8FB3-B584C2436A80}.Debug|x86.Build.0 = Debug|Any CPU
		{6440CB2B-9D76-4D48-8FB3-B584C2436A80}.Debug|x86.Deploy.0 = Debug|Any CPU
		{6440CB2B-9D76-4D48-8FB3-B584C2436A80}.Release|Any CPU.ActiveCfg = Release|Any CPU
		{6440CB2B-9D76-4D48-8FB3-B584C2436A80}.Release|Any CPU.Build.0 = Release|Any CPU
		{6440CB2B-9D76-4D48-8FB3-B584C2436A80}.Release|Any CPU.Deploy.0 = Release|Any CPU
		{6440CB2B-9D76-4D48-8FB3-B584C2436A80}.Release|ARM.ActiveCfg = Release|Any CPU
		{6440CB2B-9D76-4D48-8FB3-B584C2436A80}.Release|ARM.Build.0 = Release|Any CPU
		{6440CB2B-9D76-4D48-8FB3-B584C2436A80}.Release|ARM.Deploy.0 = Release|Any CPU
		{6440CB2B-9D76-4D48-8FB3-B584C2436A80}.Release|iPhone.ActiveCfg = Release|Any CPU
		{6440CB2B-9D76-4D48-8FB3-B584C2436A80}.Release|iPhone.Build.0 = Release|Any CPU
		{6440CB2B-9D76-4D48-8FB3-B584C2436A80}.Release|iPhone.Deploy.0 = Release|Any CPU
		{6440CB2B-9D76-4D48-8FB3-B584C2436A80}.Release|iPhoneSimulator.ActiveCfg = Release|Any CPU
		{6440CB2B-9D76-4D48-8FB3-B584C2436A80}.Release|iPhoneSimulator.Build.0 = Release|Any CPU
		{6440CB2B-9D76-4D48-8FB3-B584C2436A80}.Release|iPhoneSimulator.Deploy.0 = Release|Any CPU
		{6440CB2B-9D76-4D48-8FB3-B584C2436A80}.Release|x64.ActiveCfg = Release|Any CPU
		{6440CB2B-9D76-4D48-8FB3-B584C2436A80}.Release|x64.Build.0 = Release|Any CPU
		{6440CB2B-9D76-4D48-8FB3-B584C2436A80}.Release|x64.Deploy.0 = Release|Any CPU
		{6440CB2B-9D76-4D48-8FB3-B584C2436A80}.Release|x86.ActiveCfg = Release|Any CPU
		{6440CB2B-9D76-4D48-8FB3-B584C2436A80}.Release|x86.Build.0 = Release|Any CPU
		{6440CB2B-9D76-4D48-8FB3-B584C2436A80}.Release|x86.Deploy.0 = Release|Any CPU
		{3B6398D3-C485-4203-B83C-418ABBB51116}.Ad-Hoc|Any CPU.ActiveCfg = Ad-Hoc|iPhone
		{3B6398D3-C485-4203-B83C-418ABBB51116}.Ad-Hoc|Any CPU.Build.0 = Ad-Hoc|iPhone
		{3B6398D3-C485-4203-B83C-418ABBB51116}.Ad-Hoc|Any CPU.Deploy.0 = Ad-Hoc|iPhone
		{3B6398D3-C485-4203-B83C-418ABBB51116}.Ad-Hoc|ARM.ActiveCfg = Ad-Hoc|iPhone
		{3B6398D3-C485-4203-B83C-418ABBB51116}.Ad-Hoc|ARM.Build.0 = Ad-Hoc|iPhone
		{3B6398D3-C485-4203-B83C-418ABBB51116}.Ad-Hoc|ARM.Deploy.0 = Ad-Hoc|iPhone
		{3B6398D3-C485-4203-B83C-418ABBB51116}.Ad-Hoc|iPhone.ActiveCfg = Ad-Hoc|iPhone
		{3B6398D3-C485-4203-B83C-418ABBB51116}.Ad-Hoc|iPhone.Build.0 = Ad-Hoc|iPhone
		{3B6398D3-C485-4203-B83C-418ABBB51116}.Ad-Hoc|iPhone.Deploy.0 = Ad-Hoc|iPhone
		{3B6398D3-C485-4203-B83C-418ABBB51116}.Ad-Hoc|iPhoneSimulator.ActiveCfg = Ad-Hoc|iPhoneSimulator
		{3B6398D3-C485-4203-B83C-418ABBB51116}.Ad-Hoc|iPhoneSimulator.Build.0 = Ad-Hoc|iPhoneSimulator
		{3B6398D3-C485-4203-B83C-418ABBB51116}.Ad-Hoc|iPhoneSimulator.Deploy.0 = Ad-Hoc|iPhoneSimulator
		{3B6398D3-C485-4203-B83C-418ABBB51116}.Ad-Hoc|x64.ActiveCfg = Ad-Hoc|iPhone
		{3B6398D3-C485-4203-B83C-418ABBB51116}.Ad-Hoc|x64.Build.0 = Ad-Hoc|iPhone
		{3B6398D3-C485-4203-B83C-418ABBB51116}.Ad-Hoc|x64.Deploy.0 = Ad-Hoc|iPhone
		{3B6398D3-C485-4203-B83C-418ABBB51116}.Ad-Hoc|x86.ActiveCfg = Ad-Hoc|iPhone
		{3B6398D3-C485-4203-B83C-418ABBB51116}.Ad-Hoc|x86.Build.0 = Ad-Hoc|iPhone
		{3B6398D3-C485-4203-B83C-418ABBB51116}.Ad-Hoc|x86.Deploy.0 = Ad-Hoc|iPhone
		{3B6398D3-C485-4203-B83C-418ABBB51116}.AppStore|Any CPU.ActiveCfg = AppStore|iPhone
		{3B6398D3-C485-4203-B83C-418ABBB51116}.AppStore|Any CPU.Build.0 = AppStore|iPhone
		{3B6398D3-C485-4203-B83C-418ABBB51116}.AppStore|Any CPU.Deploy.0 = AppStore|iPhone
		{3B6398D3-C485-4203-B83C-418ABBB51116}.AppStore|ARM.ActiveCfg = AppStore|iPhone
		{3B6398D3-C485-4203-B83C-418ABBB51116}.AppStore|ARM.Build.0 = AppStore|iPhone
		{3B6398D3-C485-4203-B83C-418ABBB51116}.AppStore|ARM.Deploy.0 = AppStore|iPhone
		{3B6398D3-C485-4203-B83C-418ABBB51116}.AppStore|iPhone.ActiveCfg = AppStore|iPhone
		{3B6398D3-C485-4203-B83C-418ABBB51116}.AppStore|iPhone.Build.0 = AppStore|iPhone
		{3B6398D3-C485-4203-B83C-418ABBB51116}.AppStore|iPhone.Deploy.0 = AppStore|iPhone
		{3B6398D3-C485-4203-B83C-418ABBB51116}.AppStore|iPhoneSimulator.ActiveCfg = AppStore|iPhoneSimulator
		{3B6398D3-C485-4203-B83C-418ABBB51116}.AppStore|iPhoneSimulator.Build.0 = AppStore|iPhoneSimulator
		{3B6398D3-C485-4203-B83C-418ABBB51116}.AppStore|iPhoneSimulator.Deploy.0 = AppStore|iPhoneSimulator
		{3B6398D3-C485-4203-B83C-418ABBB51116}.AppStore|x64.ActiveCfg = AppStore|iPhone
		{3B6398D3-C485-4203-B83C-418ABBB51116}.AppStore|x64.Build.0 = AppStore|iPhone
		{3B6398D3-C485-4203-B83C-418ABBB51116}.AppStore|x64.Deploy.0 = AppStore|iPhone
		{3B6398D3-C485-4203-B83C-418ABBB51116}.AppStore|x86.ActiveCfg = AppStore|iPhone
		{3B6398D3-C485-4203-B83C-418ABBB51116}.AppStore|x86.Build.0 = AppStore|iPhone
		{3B6398D3-C485-4203-B83C-418ABBB51116}.AppStore|x86.Deploy.0 = AppStore|iPhone
		{3B6398D3-C485-4203-B83C-418ABBB51116}.Debug|Any CPU.ActiveCfg = Debug|iPhoneSimulator
		{3B6398D3-C485-4203-B83C-418ABBB51116}.Debug|Any CPU.Build.0 = Debug|iPhoneSimulator
		{3B6398D3-C485-4203-B83C-418ABBB51116}.Debug|Any CPU.Deploy.0 = Debug|iPhoneSimulator
		{3B6398D3-C485-4203-B83C-418ABBB51116}.Debug|ARM.ActiveCfg = Debug|iPhone
		{3B6398D3-C485-4203-B83C-418ABBB51116}.Debug|ARM.Build.0 = Debug|iPhone
		{3B6398D3-C485-4203-B83C-418ABBB51116}.Debug|ARM.Deploy.0 = Debug|iPhone
		{3B6398D3-C485-4203-B83C-418ABBB51116}.Debug|iPhone.ActiveCfg = Debug|iPhone
		{3B6398D3-C485-4203-B83C-418ABBB51116}.Debug|iPhone.Build.0 = Debug|iPhone
		{3B6398D3-C485-4203-B83C-418ABBB51116}.Debug|iPhone.Deploy.0 = Debug|iPhone
		{3B6398D3-C485-4203-B83C-418ABBB51116}.Debug|iPhoneSimulator.ActiveCfg = Debug|iPhoneSimulator
		{3B6398D3-C485-4203-B83C-418ABBB51116}.Debug|iPhoneSimulator.Build.0 = Debug|iPhoneSimulator
		{3B6398D3-C485-4203-B83C-418ABBB51116}.Debug|iPhoneSimulator.Deploy.0 = Debug|iPhoneSimulator
		{3B6398D3-C485-4203-B83C-418ABBB51116}.Debug|x64.ActiveCfg = Debug|iPhone
		{3B6398D3-C485-4203-B83C-418ABBB51116}.Debug|x64.Build.0 = Debug|iPhone
		{3B6398D3-C485-4203-B83C-418ABBB51116}.Debug|x64.Deploy.0 = Debug|iPhone
		{3B6398D3-C485-4203-B83C-418ABBB51116}.Debug|x86.ActiveCfg = Debug|iPhone
		{3B6398D3-C485-4203-B83C-418ABBB51116}.Debug|x86.Build.0 = Debug|iPhone
		{3B6398D3-C485-4203-B83C-418ABBB51116}.Debug|x86.Deploy.0 = Debug|iPhone
		{3B6398D3-C485-4203-B83C-418ABBB51116}.Release|Any CPU.ActiveCfg = Release|iPhone
		{3B6398D3-C485-4203-B83C-418ABBB51116}.Release|Any CPU.Build.0 = Release|iPhone
		{3B6398D3-C485-4203-B83C-418ABBB51116}.Release|Any CPU.Deploy.0 = Release|iPhone
		{3B6398D3-C485-4203-B83C-418ABBB51116}.Release|ARM.ActiveCfg = Release|iPhone
		{3B6398D3-C485-4203-B83C-418ABBB51116}.Release|ARM.Build.0 = Release|iPhone
		{3B6398D3-C485-4203-B83C-418ABBB51116}.Release|ARM.Deploy.0 = Release|iPhone
		{3B6398D3-C485-4203-B83C-418ABBB51116}.Release|iPhone.ActiveCfg = Release|iPhone
		{3B6398D3-C485-4203-B83C-418ABBB51116}.Release|iPhone.Build.0 = Release|iPhone
		{3B6398D3-C485-4203-B83C-418ABBB51116}.Release|iPhone.Deploy.0 = Release|iPhone
		{3B6398D3-C485-4203-B83C-418ABBB51116}.Release|iPhoneSimulator.ActiveCfg = Release|iPhoneSimulator
		{3B6398D3-C485-4203-B83C-418ABBB51116}.Release|iPhoneSimulator.Build.0 = Release|iPhoneSimulator
		{3B6398D3-C485-4203-B83C-418ABBB51116}.Release|iPhoneSimulator.Deploy.0 = Release|iPhoneSimulator
		{3B6398D3-C485-4203-B83C-418ABBB51116}.Release|x64.ActiveCfg = Release|iPhone
		{3B6398D3-C485-4203-B83C-418ABBB51116}.Release|x64.Build.0 = Release|iPhone
		{3B6398D3-C485-4203-B83C-418ABBB51116}.Release|x64.Deploy.0 = Release|iPhone
		{3B6398D3-C485-4203-B83C-418ABBB51116}.Release|x86.ActiveCfg = Release|iPhone
		{3B6398D3-C485-4203-B83C-418ABBB51116}.Release|x86.Build.0 = Release|iPhone
		{3B6398D3-C485-4203-B83C-418ABBB51116}.Release|x86.Deploy.0 = Release|iPhone
		{35D2576F-CFB8-4811-9303-B3B78F45F875}.Ad-Hoc|Any CPU.ActiveCfg = Release|x86
		{35D2576F-CFB8-4811-9303-B3B78F45F875}.Ad-Hoc|Any CPU.Build.0 = Release|x86
		{35D2576F-CFB8-4811-9303-B3B78F45F875}.Ad-Hoc|Any CPU.Deploy.0 = Release|x86
		{35D2576F-CFB8-4811-9303-B3B78F45F875}.Ad-Hoc|ARM.ActiveCfg = Release|ARM
		{35D2576F-CFB8-4811-9303-B3B78F45F875}.Ad-Hoc|ARM.Build.0 = Release|ARM
		{35D2576F-CFB8-4811-9303-B3B78F45F875}.Ad-Hoc|ARM.Deploy.0 = Release|ARM
		{35D2576F-CFB8-4811-9303-B3B78F45F875}.Ad-Hoc|iPhone.ActiveCfg = Release|x86
		{35D2576F-CFB8-4811-9303-B3B78F45F875}.Ad-Hoc|iPhone.Build.0 = Release|x86
		{35D2576F-CFB8-4811-9303-B3B78F45F875}.Ad-Hoc|iPhone.Deploy.0 = Release|x86
		{35D2576F-CFB8-4811-9303-B3B78F45F875}.Ad-Hoc|iPhoneSimulator.ActiveCfg = Release|x86
		{35D2576F-CFB8-4811-9303-B3B78F45F875}.Ad-Hoc|iPhoneSimulator.Build.0 = Release|x86
		{35D2576F-CFB8-4811-9303-B3B78F45F875}.Ad-Hoc|iPhoneSimulator.Deploy.0 = Release|x86
		{35D2576F-CFB8-4811-9303-B3B78F45F875}.Ad-Hoc|x64.ActiveCfg = Release|x64
		{35D2576F-CFB8-4811-9303-B3B78F45F875}.Ad-Hoc|x64.Build.0 = Release|x64
		{35D2576F-CFB8-4811-9303-B3B78F45F875}.Ad-Hoc|x64.Deploy.0 = Release|x64
		{35D2576F-CFB8-4811-9303-B3B78F45F875}.Ad-Hoc|x86.ActiveCfg = Release|x86
		{35D2576F-CFB8-4811-9303-B3B78F45F875}.Ad-Hoc|x86.Build.0 = Release|x86
		{35D2576F-CFB8-4811-9303-B3B78F45F875}.Ad-Hoc|x86.Deploy.0 = Release|x86
		{35D2576F-CFB8-4811-9303-B3B78F45F875}.AppStore|Any CPU.ActiveCfg = Release|x86
		{35D2576F-CFB8-4811-9303-B3B78F45F875}.AppStore|Any CPU.Build.0 = Release|x86
		{35D2576F-CFB8-4811-9303-B3B78F45F875}.AppStore|Any CPU.Deploy.0 = Release|x86
		{35D2576F-CFB8-4811-9303-B3B78F45F875}.AppStore|ARM.ActiveCfg = Release|ARM
		{35D2576F-CFB8-4811-9303-B3B78F45F875}.AppStore|ARM.Build.0 = Release|ARM
		{35D2576F-CFB8-4811-9303-B3B78F45F875}.AppStore|ARM.Deploy.0 = Release|ARM
		{35D2576F-CFB8-4811-9303-B3B78F45F875}.AppStore|iPhone.ActiveCfg = Release|x86
		{35D2576F-CFB8-4811-9303-B3B78F45F875}.AppStore|iPhone.Build.0 = Release|x86
		{35D2576F-CFB8-4811-9303-B3B78F45F875}.AppStore|iPhone.Deploy.0 = Release|x86
		{35D2576F-CFB8-4811-9303-B3B78F45F875}.AppStore|iPhoneSimulator.ActiveCfg = Release|x86
		{35D2576F-CFB8-4811-9303-B3B78F45F875}.AppStore|iPhoneSimulator.Build.0 = Release|x86
		{35D2576F-CFB8-4811-9303-B3B78F45F875}.AppStore|iPhoneSimulator.Deploy.0 = Release|x86
		{35D2576F-CFB8-4811-9303-B3B78F45F875}.AppStore|x64.ActiveCfg = Release|x64
		{35D2576F-CFB8-4811-9303-B3B78F45F875}.AppStore|x64.Build.0 = Release|x64
		{35D2576F-CFB8-4811-9303-B3B78F45F875}.AppStore|x64.Deploy.0 = Release|x64
		{35D2576F-CFB8-4811-9303-B3B78F45F875}.AppStore|x86.ActiveCfg = Release|x86
		{35D2576F-CFB8-4811-9303-B3B78F45F875}.AppStore|x86.Build.0 = Release|x86
		{35D2576F-CFB8-4811-9303-B3B78F45F875}.AppStore|x86.Deploy.0 = Release|x86
		{35D2576F-CFB8-4811-9303-B3B78F45F875}.Debug|Any CPU.ActiveCfg = Debug|x86
		{35D2576F-CFB8-4811-9303-B3B78F45F875}.Debug|Any CPU.Build.0 = Debug|x86
		{35D2576F-CFB8-4811-9303-B3B78F45F875}.Debug|Any CPU.Deploy.0 = Debug|x86
		{35D2576F-CFB8-4811-9303-B3B78F45F875}.Debug|ARM.ActiveCfg = Debug|ARM
		{35D2576F-CFB8-4811-9303-B3B78F45F875}.Debug|ARM.Build.0 = Debug|ARM
		{35D2576F-CFB8-4811-9303-B3B78F45F875}.Debug|ARM.Deploy.0 = Debug|ARM
		{35D2576F-CFB8-4811-9303-B3B78F45F875}.Debug|iPhone.ActiveCfg = Debug|x86
		{35D2576F-CFB8-4811-9303-B3B78F45F875}.Debug|iPhone.Build.0 = Debug|x86
		{35D2576F-CFB8-4811-9303-B3B78F45F875}.Debug|iPhone.Deploy.0 = Debug|x86
		{35D2576F-CFB8-4811-9303-B3B78F45F875}.Debug|iPhoneSimulator.ActiveCfg = Debug|x86
		{35D2576F-CFB8-4811-9303-B3B78F45F875}.Debug|iPhoneSimulator.Build.0 = Debug|x86
		{35D2576F-CFB8-4811-9303-B3B78F45F875}.Debug|iPhoneSimulator.Deploy.0 = Debug|x86
		{35D2576F-CFB8-4811-9303-B3B78F45F875}.Debug|x64.ActiveCfg = Debug|x64
		{35D2576F-CFB8-4811-9303-B3B78F45F875}.Debug|x64.Build.0 = Debug|x64
		{35D2576F-CFB8-4811-9303-B3B78F45F875}.Debug|x64.Deploy.0 = Debug|x64
		{35D2576F-CFB8-4811-9303-B3B78F45F875}.Debug|x86.ActiveCfg = Debug|x86
		{35D2576F-CFB8-4811-9303-B3B78F45F875}.Debug|x86.Build.0 = Debug|x86
		{35D2576F-CFB8-4811-9303-B3B78F45F875}.Debug|x86.Deploy.0 = Debug|x86
		{35D2576F-CFB8-4811-9303-B3B78F45F875}.Release|Any CPU.ActiveCfg = Release|x86
		{35D2576F-CFB8-4811-9303-B3B78F45F875}.Release|Any CPU.Build.0 = Release|x86
		{35D2576F-CFB8-4811-9303-B3B78F45F875}.Release|Any CPU.Deploy.0 = Release|x86
		{35D2576F-CFB8-4811-9303-B3B78F45F875}.Release|ARM.ActiveCfg = Release|ARM
		{35D2576F-CFB8-4811-9303-B3B78F45F875}.Release|ARM.Build.0 = Release|ARM
		{35D2576F-CFB8-4811-9303-B3B78F45F875}.Release|ARM.Deploy.0 = Release|ARM
		{35D2576F-CFB8-4811-9303-B3B78F45F875}.Release|iPhone.ActiveCfg = Release|x86
		{35D2576F-CFB8-4811-9303-B3B78F45F875}.Release|iPhone.Build.0 = Release|x86
		{35D2576F-CFB8-4811-9303-B3B78F45F875}.Release|iPhone.Deploy.0 = Release|x86
		{35D2576F-CFB8-4811-9303-B3B78F45F875}.Release|iPhoneSimulator.ActiveCfg = Release|x86
		{35D2576F-CFB8-4811-9303-B3B78F45F875}.Release|iPhoneSimulator.Build.0 = Release|x86
		{35D2576F-CFB8-4811-9303-B3B78F45F875}.Release|iPhoneSimulator.Deploy.0 = Release|x86
		{35D2576F-CFB8-4811-9303-B3B78F45F875}.Release|x64.ActiveCfg = Release|x64
		{35D2576F-CFB8-4811-9303-B3B78F45F875}.Release|x64.Build.0 = Release|x64
		{35D2576F-CFB8-4811-9303-B3B78F45F875}.Release|x64.Deploy.0 = Release|x64
		{35D2576F-CFB8-4811-9303-B3B78F45F875}.Release|x86.ActiveCfg = Release|x86
		{35D2576F-CFB8-4811-9303-B3B78F45F875}.Release|x86.Build.0 = Release|x86
		{35D2576F-CFB8-4811-9303-B3B78F45F875}.Release|x86.Deploy.0 = Release|x86
		{B852E5E6-11BA-4686-89FB-0839A0BF5B77}.Ad-Hoc|Any CPU.ActiveCfg = Debug|Any CPU
		{B852E5E6-11BA-4686-89FB-0839A0BF5B77}.Ad-Hoc|Any CPU.Build.0 = Debug|Any CPU
		{B852E5E6-11BA-4686-89FB-0839A0BF5B77}.Ad-Hoc|Any CPU.Deploy.0 = Debug|Any CPU
		{B852E5E6-11BA-4686-89FB-0839A0BF5B77}.Ad-Hoc|ARM.ActiveCfg = Debug|Any CPU
		{B852E5E6-11BA-4686-89FB-0839A0BF5B77}.Ad-Hoc|ARM.Build.0 = Debug|Any CPU
		{B852E5E6-11BA-4686-89FB-0839A0BF5B77}.Ad-Hoc|ARM.Deploy.0 = Debug|Any CPU
		{B852E5E6-11BA-4686-89FB-0839A0BF5B77}.Ad-Hoc|iPhone.ActiveCfg = Debug|Any CPU
		{B852E5E6-11BA-4686-89FB-0839A0BF5B77}.Ad-Hoc|iPhone.Build.0 = Debug|Any CPU
		{B852E5E6-11BA-4686-89FB-0839A0BF5B77}.Ad-Hoc|iPhone.Deploy.0 = Debug|Any CPU
		{B852E5E6-11BA-4686-89FB-0839A0BF5B77}.Ad-Hoc|iPhoneSimulator.ActiveCfg = Debug|Any CPU
		{B852E5E6-11BA-4686-89FB-0839A0BF5B77}.Ad-Hoc|iPhoneSimulator.Build.0 = Debug|Any CPU
		{B852E5E6-11BA-4686-89FB-0839A0BF5B77}.Ad-Hoc|iPhoneSimulator.Deploy.0 = Debug|Any CPU
		{B852E5E6-11BA-4686-89FB-0839A0BF5B77}.Ad-Hoc|x64.ActiveCfg = Debug|Any CPU
		{B852E5E6-11BA-4686-89FB-0839A0BF5B77}.Ad-Hoc|x64.Build.0 = Debug|Any CPU
		{B852E5E6-11BA-4686-89FB-0839A0BF5B77}.Ad-Hoc|x64.Deploy.0 = Debug|Any CPU
		{B852E5E6-11BA-4686-89FB-0839A0BF5B77}.Ad-Hoc|x86.ActiveCfg = Debug|Any CPU
		{B852E5E6-11BA-4686-89FB-0839A0BF5B77}.Ad-Hoc|x86.Build.0 = Debug|Any CPU
		{B852E5E6-11BA-4686-89FB-0839A0BF5B77}.Ad-Hoc|x86.Deploy.0 = Debug|Any CPU
		{B852E5E6-11BA-4686-89FB-0839A0BF5B77}.AppStore|Any CPU.ActiveCfg = Debug|Any CPU
		{B852E5E6-11BA-4686-89FB-0839A0BF5B77}.AppStore|Any CPU.Build.0 = Debug|Any CPU
		{B852E5E6-11BA-4686-89FB-0839A0BF5B77}.AppStore|Any CPU.Deploy.0 = Debug|Any CPU
		{B852E5E6-11BA-4686-89FB-0839A0BF5B77}.AppStore|ARM.ActiveCfg = Debug|Any CPU
		{B852E5E6-11BA-4686-89FB-0839A0BF5B77}.AppStore|ARM.Build.0 = Debug|Any CPU
		{B852E5E6-11BA-4686-89FB-0839A0BF5B77}.AppStore|ARM.Deploy.0 = Debug|Any CPU
		{B852E5E6-11BA-4686-89FB-0839A0BF5B77}.AppStore|iPhone.ActiveCfg = Debug|Any CPU
		{B852E5E6-11BA-4686-89FB-0839A0BF5B77}.AppStore|iPhone.Build.0 = Debug|Any CPU
		{B852E5E6-11BA-4686-89FB-0839A0BF5B77}.AppStore|iPhone.Deploy.0 = Debug|Any CPU
		{B852E5E6-11BA-4686-89FB-0839A0BF5B77}.AppStore|iPhoneSimulator.ActiveCfg = Debug|Any CPU
		{B852E5E6-11BA-4686-89FB-0839A0BF5B77}.AppStore|iPhoneSimulator.Build.0 = Debug|Any CPU
		{B852E5E6-11BA-4686-89FB-0839A0BF5B77}.AppStore|iPhoneSimulator.Deploy.0 = Debug|Any CPU
		{B852E5E6-11BA-4686-89FB-0839A0BF5B77}.AppStore|x64.ActiveCfg = Debug|Any CPU
		{B852E5E6-11BA-4686-89FB-0839A0BF5B77}.AppStore|x64.Build.0 = Debug|Any CPU
		{B852E5E6-11BA-4686-89FB-0839A0BF5B77}.AppStore|x64.Deploy.0 = Debug|Any CPU
		{B852E5E6-11BA-4686-89FB-0839A0BF5B77}.AppStore|x86.ActiveCfg = Debug|Any CPU
		{B852E5E6-11BA-4686-89FB-0839A0BF5B77}.AppStore|x86.Build.0 = Debug|Any CPU
		{B852E5E6-11BA-4686-89FB-0839A0BF5B77}.AppStore|x86.Deploy.0 = Debug|Any CPU
		{B852E5E6-11BA-4686-89FB-0839A0BF5B77}.Debug|Any CPU.ActiveCfg = Debug|Any CPU
		{B852E5E6-11BA-4686-89FB-0839A0BF5B77}.Debug|Any CPU.Build.0 = Debug|Any CPU
		{B852E5E6-11BA-4686-89FB-0839A0BF5B77}.Debug|Any CPU.Deploy.0 = Debug|Any CPU
		{B852E5E6-11BA-4686-89FB-0839A0BF5B77}.Debug|ARM.ActiveCfg = Debug|Any CPU
		{B852E5E6-11BA-4686-89FB-0839A0BF5B77}.Debug|ARM.Build.0 = Debug|Any CPU
		{B852E5E6-11BA-4686-89FB-0839A0BF5B77}.Debug|ARM.Deploy.0 = Debug|Any CPU
		{B852E5E6-11BA-4686-89FB-0839A0BF5B77}.Debug|iPhone.ActiveCfg = Debug|Any CPU
		{B852E5E6-11BA-4686-89FB-0839A0BF5B77}.Debug|iPhone.Build.0 = Debug|Any CPU
		{B852E5E6-11BA-4686-89FB-0839A0BF5B77}.Debug|iPhone.Deploy.0 = Debug|Any CPU
		{B852E5E6-11BA-4686-89FB-0839A0BF5B77}.Debug|iPhoneSimulator.ActiveCfg = Debug|Any CPU
		{B852E5E6-11BA-4686-89FB-0839A0BF5B77}.Debug|iPhoneSimulator.Build.0 = Debug|Any CPU
		{B852E5E6-11BA-4686-89FB-0839A0BF5B77}.Debug|iPhoneSimulator.Deploy.0 = Debug|Any CPU
		{B852E5E6-11BA-4686-89FB-0839A0BF5B77}.Debug|x64.ActiveCfg = Debug|Any CPU
		{B852E5E6-11BA-4686-89FB-0839A0BF5B77}.Debug|x64.Build.0 = Debug|Any CPU
		{B852E5E6-11BA-4686-89FB-0839A0BF5B77}.Debug|x64.Deploy.0 = Debug|Any CPU
		{B852E5E6-11BA-4686-89FB-0839A0BF5B77}.Debug|x86.ActiveCfg = Debug|Any CPU
		{B852E5E6-11BA-4686-89FB-0839A0BF5B77}.Debug|x86.Build.0 = Debug|Any CPU
		{B852E5E6-11BA-4686-89FB-0839A0BF5B77}.Debug|x86.Deploy.0 = Debug|Any CPU
		{B852E5E6-11BA-4686-89FB-0839A0BF5B77}.Release|Any CPU.ActiveCfg = Release|Any CPU
		{B852E5E6-11BA-4686-89FB-0839A0BF5B77}.Release|Any CPU.Build.0 = Release|Any CPU
		{B852E5E6-11BA-4686-89FB-0839A0BF5B77}.Release|Any CPU.Deploy.0 = Release|Any CPU
		{B852E5E6-11BA-4686-89FB-0839A0BF5B77}.Release|ARM.ActiveCfg = Release|Any CPU
		{B852E5E6-11BA-4686-89FB-0839A0BF5B77}.Release|ARM.Build.0 = Release|Any CPU
		{B852E5E6-11BA-4686-89FB-0839A0BF5B77}.Release|ARM.Deploy.0 = Release|Any CPU
		{B852E5E6-11BA-4686-89FB-0839A0BF5B77}.Release|iPhone.ActiveCfg = Release|Any CPU
		{B852E5E6-11BA-4686-89FB-0839A0BF5B77}.Release|iPhone.Build.0 = Release|Any CPU
		{B852E5E6-11BA-4686-89FB-0839A0BF5B77}.Release|iPhone.Deploy.0 = Release|Any CPU
		{B852E5E6-11BA-4686-89FB-0839A0BF5B77}.Release|iPhoneSimulator.ActiveCfg = Release|Any CPU
		{B852E5E6-11BA-4686-89FB-0839A0BF5B77}.Release|iPhoneSimulator.Build.0 = Release|Any CPU
		{B852E5E6-11BA-4686-89FB-0839A0BF5B77}.Release|iPhoneSimulator.Deploy.0 = Release|Any CPU
		{B852E5E6-11BA-4686-89FB-0839A0BF5B77}.Release|x64.ActiveCfg = Release|Any CPU
		{B852E5E6-11BA-4686-89FB-0839A0BF5B77}.Release|x64.Build.0 = Release|Any CPU
		{B852E5E6-11BA-4686-89FB-0839A0BF5B77}.Release|x64.Deploy.0 = Release|Any CPU
		{B852E5E6-11BA-4686-89FB-0839A0BF5B77}.Release|x86.ActiveCfg = Release|Any CPU
		{B852E5E6-11BA-4686-89FB-0839A0BF5B77}.Release|x86.Build.0 = Release|Any CPU
		{B852E5E6-11BA-4686-89FB-0839A0BF5B77}.Release|x86.Deploy.0 = Release|Any CPU
		{00D0F5CA-F0B1-4FF2-A56B-604D5161D0E4}.Ad-Hoc|Any CPU.ActiveCfg = Debug|Any CPU
		{00D0F5CA-F0B1-4FF2-A56B-604D5161D0E4}.Ad-Hoc|Any CPU.Build.0 = Debug|Any CPU
		{00D0F5CA-F0B1-4FF2-A56B-604D5161D0E4}.Ad-Hoc|ARM.ActiveCfg = Debug|Any CPU
		{00D0F5CA-F0B1-4FF2-A56B-604D5161D0E4}.Ad-Hoc|ARM.Build.0 = Debug|Any CPU
		{00D0F5CA-F0B1-4FF2-A56B-604D5161D0E4}.Ad-Hoc|iPhone.ActiveCfg = Debug|Any CPU
		{00D0F5CA-F0B1-4FF2-A56B-604D5161D0E4}.Ad-Hoc|iPhone.Build.0 = Debug|Any CPU
		{00D0F5CA-F0B1-4FF2-A56B-604D5161D0E4}.Ad-Hoc|iPhoneSimulator.ActiveCfg = Debug|Any CPU
		{00D0F5CA-F0B1-4FF2-A56B-604D5161D0E4}.Ad-Hoc|iPhoneSimulator.Build.0 = Debug|Any CPU
		{00D0F5CA-F0B1-4FF2-A56B-604D5161D0E4}.Ad-Hoc|x64.ActiveCfg = Debug|Any CPU
		{00D0F5CA-F0B1-4FF2-A56B-604D5161D0E4}.Ad-Hoc|x64.Build.0 = Debug|Any CPU
		{00D0F5CA-F0B1-4FF2-A56B-604D5161D0E4}.Ad-Hoc|x86.ActiveCfg = Debug|Any CPU
		{00D0F5CA-F0B1-4FF2-A56B-604D5161D0E4}.Ad-Hoc|x86.Build.0 = Debug|Any CPU
		{00D0F5CA-F0B1-4FF2-A56B-604D5161D0E4}.AppStore|Any CPU.ActiveCfg = Debug|Any CPU
		{00D0F5CA-F0B1-4FF2-A56B-604D5161D0E4}.AppStore|Any CPU.Build.0 = Debug|Any CPU
		{00D0F5CA-F0B1-4FF2-A56B-604D5161D0E4}.AppStore|ARM.ActiveCfg = Debug|Any CPU
		{00D0F5CA-F0B1-4FF2-A56B-604D5161D0E4}.AppStore|ARM.Build.0 = Debug|Any CPU
		{00D0F5CA-F0B1-4FF2-A56B-604D5161D0E4}.AppStore|iPhone.ActiveCfg = Debug|Any CPU
		{00D0F5CA-F0B1-4FF2-A56B-604D5161D0E4}.AppStore|iPhone.Build.0 = Debug|Any CPU
		{00D0F5CA-F0B1-4FF2-A56B-604D5161D0E4}.AppStore|iPhoneSimulator.ActiveCfg = Debug|Any CPU
		{00D0F5CA-F0B1-4FF2-A56B-604D5161D0E4}.AppStore|iPhoneSimulator.Build.0 = Debug|Any CPU
		{00D0F5CA-F0B1-4FF2-A56B-604D5161D0E4}.AppStore|x64.ActiveCfg = Debug|Any CPU
		{00D0F5CA-F0B1-4FF2-A56B-604D5161D0E4}.AppStore|x64.Build.0 = Debug|Any CPU
		{00D0F5CA-F0B1-4FF2-A56B-604D5161D0E4}.AppStore|x86.ActiveCfg = Debug|Any CPU
		{00D0F5CA-F0B1-4FF2-A56B-604D5161D0E4}.AppStore|x86.Build.0 = Debug|Any CPU
		{00D0F5CA-F0B1-4FF2-A56B-604D5161D0E4}.Debug|Any CPU.ActiveCfg = Debug|Any CPU
		{00D0F5CA-F0B1-4FF2-A56B-604D5161D0E4}.Debug|Any CPU.Build.0 = Debug|Any CPU
		{00D0F5CA-F0B1-4FF2-A56B-604D5161D0E4}.Debug|ARM.ActiveCfg = Debug|Any CPU
		{00D0F5CA-F0B1-4FF2-A56B-604D5161D0E4}.Debug|ARM.Build.0 = Debug|Any CPU
		{00D0F5CA-F0B1-4FF2-A56B-604D5161D0E4}.Debug|iPhone.ActiveCfg = Debug|Any CPU
		{00D0F5CA-F0B1-4FF2-A56B-604D5161D0E4}.Debug|iPhone.Build.0 = Debug|Any CPU
		{00D0F5CA-F0B1-4FF2-A56B-604D5161D0E4}.Debug|iPhoneSimulator.ActiveCfg = Debug|Any CPU
		{00D0F5CA-F0B1-4FF2-A56B-604D5161D0E4}.Debug|iPhoneSimulator.Build.0 = Debug|Any CPU
		{00D0F5CA-F0B1-4FF2-A56B-604D5161D0E4}.Debug|x64.ActiveCfg = Debug|Any CPU
		{00D0F5CA-F0B1-4FF2-A56B-604D5161D0E4}.Debug|x64.Build.0 = Debug|Any CPU
		{00D0F5CA-F0B1-4FF2-A56B-604D5161D0E4}.Debug|x86.ActiveCfg = Debug|Any CPU
		{00D0F5CA-F0B1-4FF2-A56B-604D5161D0E4}.Debug|x86.Build.0 = Debug|Any CPU
		{00D0F5CA-F0B1-4FF2-A56B-604D5161D0E4}.Release|Any CPU.ActiveCfg = Release|Any CPU
		{00D0F5CA-F0B1-4FF2-A56B-604D5161D0E4}.Release|Any CPU.Build.0 = Release|Any CPU
		{00D0F5CA-F0B1-4FF2-A56B-604D5161D0E4}.Release|ARM.ActiveCfg = Release|Any CPU
		{00D0F5CA-F0B1-4FF2-A56B-604D5161D0E4}.Release|ARM.Build.0 = Release|Any CPU
		{00D0F5CA-F0B1-4FF2-A56B-604D5161D0E4}.Release|iPhone.ActiveCfg = Release|Any CPU
		{00D0F5CA-F0B1-4FF2-A56B-604D5161D0E4}.Release|iPhone.Build.0 = Release|Any CPU
		{00D0F5CA-F0B1-4FF2-A56B-604D5161D0E4}.Release|iPhoneSimulator.ActiveCfg = Release|Any CPU
		{00D0F5CA-F0B1-4FF2-A56B-604D5161D0E4}.Release|iPhoneSimulator.Build.0 = Release|Any CPU
		{00D0F5CA-F0B1-4FF2-A56B-604D5161D0E4}.Release|x64.ActiveCfg = Release|Any CPU
		{00D0F5CA-F0B1-4FF2-A56B-604D5161D0E4}.Release|x64.Build.0 = Release|Any CPU
		{00D0F5CA-F0B1-4FF2-A56B-604D5161D0E4}.Release|x86.ActiveCfg = Release|Any CPU
		{00D0F5CA-F0B1-4FF2-A56B-604D5161D0E4}.Release|x86.Build.0 = Release|Any CPU
	EndGlobalSection
	GlobalSection(SolutionProperties) = preSolution
		HideSolutionNode = FALSE
	EndGlobalSection
	GlobalSection(ExtensibilityGlobals) = postSolution
		SolutionGuid = {532EAA2D-76C0-4E93-B50D-C516080DAE7A}
	EndGlobalSection
EndGlobal
