
Microsoft Visual Studio Solution File, Format Version 12.00
# Visual Studio 15
VisualStudioVersion = 15.0.28307.271
MinimumVisualStudioVersion = 10.0.40219.1
Project("{FAE04EC0-301F-11D3-BF4B-00C04F79EFBC}") = "XamarinForms.Android", "XamarinForms\XamarinForms.Android\XamarinForms.Android.csproj", "{748FEEC9-A7EE-4B69-B605-210EE3D433E0}"
EndProject
Project("{FAE04EC0-301F-11D3-BF4B-00C04F79EFBC}") = "XamarinForms.iOS", "XamarinForms\XamarinForms.iOS\XamarinForms.iOS.csproj", "{88A1751A-8B40-4E2D-8FF3-794B3510F0EE}"
EndProject
Project("{FAE04EC0-301F-11D3-BF4B-00C04F79EFBC}") = "XamarinForms.UWP", "XamarinForms\XamarinForms.UWP\XamarinForms.UWP.csproj", "{D5C0CEB9-CB1A-4522-ABF3-686505C9F8F8}"
EndProject
Project("{FAE04EC0-301F-11D3-BF4B-00C04F79EFBC}") = "XamarinForms", "XamarinForms\XamarinForms\XamarinForms.csproj", "{2E55F949-9CDD-425F-BA59-46946F9ED077}"
EndProject
Global
	GlobalSection(SolutionConfigurationPlatforms) = preSolution
		Ad-Hoc|Any CPU = Ad-Hoc|Any CPU
		Ad-Hoc|ARM = Ad-Hoc|ARM
		Ad-Hoc|iPhone = Ad-Hoc|iPhone
		Ad-Hoc|iPhoneSimulator = Ad-Hoc|iPhoneSimulator
		Ad-Hoc|x64 = Ad-Hoc|x64
		Ad-Hoc|x86 = Ad-Hoc|x86
		AppStore|Any CPU = AppStore|Any CPU
		AppStore|ARM = AppStore|ARM
		AppStore|iPhone = AppStore|iPhone
		AppStore|iPhoneSimulator = AppStore|iPhoneSimulator
		AppStore|x64 = AppStore|x64
		AppStore|x86 = AppStore|x86
		Debug|Any CPU = Debug|Any CPU
		Debug|ARM = Debug|ARM
		Debug|iPhone = Debug|iPhone
		Debug|iPhoneSimulator = Debug|iPhoneSimulator
		Debug|x64 = Debug|x64
		Debug|x86 = Debug|x86
		Release|Any CPU = Release|Any CPU
		Release|ARM = Release|ARM
		Release|iPhone = Release|iPhone
		Release|iPhoneSimulator = Release|iPhoneSimulator
		Release|x64 = Release|x64
		Release|x86 = Release|x86
	EndGlobalSection
	GlobalSection(ProjectConfigurationPlatforms) = postSolution
		{748FEEC9-A7EE-4B69-B605-210EE3D433E0}.Ad-Hoc|Any CPU.ActiveCfg = Release|Any CPU
		{748FEEC9-A7EE-4B69-B605-210EE3D433E0}.Ad-Hoc|Any CPU.Build.0 = Release|Any CPU
		{748FEEC9-A7EE-4B69-B605-210EE3D433E0}.Ad-Hoc|Any CPU.Deploy.0 = Release|Any CPU
		{748FEEC9-A7EE-4B69-B605-210EE3D433E0}.Ad-Hoc|ARM.ActiveCfg = Release|Any CPU
		{748FEEC9-A7EE-4B69-B605-210EE3D433E0}.Ad-Hoc|ARM.Build.0 = Release|Any CPU
		{748FEEC9-A7EE-4B69-B605-210EE3D433E0}.Ad-Hoc|ARM.Deploy.0 = Release|Any CPU
		{748FEEC9-A7EE-4B69-B605-210EE3D433E0}.Ad-Hoc|iPhone.ActiveCfg = Release|Any CPU
		{748FEEC9-A7EE-4B69-B605-210EE3D433E0}.Ad-Hoc|iPhone.Build.0 = Release|Any CPU
		{748FEEC9-A7EE-4B69-B605-210EE3D433E0}.Ad-Hoc|iPhone.Deploy.0 = Release|Any CPU
		{748FEEC9-A7EE-4B69-B605-210EE3D433E0}.Ad-Hoc|iPhoneSimulator.ActiveCfg = Release|Any CPU
		{748FEEC9-A7EE-4B69-B605-210EE3D433E0}.Ad-Hoc|iPhoneSimulator.Build.0 = Release|Any CPU
		{748FEEC9-A7EE-4B69-B605-210EE3D433E0}.Ad-Hoc|iPhoneSimulator.Deploy.0 = Release|Any CPU
		{748FEEC9-A7EE-4B69-B605-210EE3D433E0}.Ad-Hoc|x64.ActiveCfg = Release|Any CPU
		{748FEEC9-A7EE-4B69-B605-210EE3D433E0}.Ad-Hoc|x64.Build.0 = Release|Any CPU
		{748FEEC9-A7EE-4B69-B605-210EE3D433E0}.Ad-Hoc|x64.Deploy.0 = Release|Any CPU
		{748FEEC9-A7EE-4B69-B605-210EE3D433E0}.Ad-Hoc|x86.ActiveCfg = Release|Any CPU
		{748FEEC9-A7EE-4B69-B605-210EE3D433E0}.Ad-Hoc|x86.Build.0 = Release|Any CPU
		{748FEEC9-A7EE-4B69-B605-210EE3D433E0}.Ad-Hoc|x86.Deploy.0 = Release|Any CPU
		{748FEEC9-A7EE-4B69-B605-210EE3D433E0}.AppStore|Any CPU.ActiveCfg = Release|Any CPU
		{748FEEC9-A7EE-4B69-B605-210EE3D433E0}.AppStore|Any CPU.Build.0 = Release|Any CPU
		{748FEEC9-A7EE-4B69-B605-210EE3D433E0}.AppStore|Any CPU.Deploy.0 = Release|Any CPU
		{748FEEC9-A7EE-4B69-B605-210EE3D433E0}.AppStore|ARM.ActiveCfg = Release|Any CPU
		{748FEEC9-A7EE-4B69-B605-210EE3D433E0}.AppStore|ARM.Build.0 = Release|Any CPU
		{748FEEC9-A7EE-4B69-B605-210EE3D433E0}.AppStore|ARM.Deploy.0 = Release|Any CPU
		{748FEEC9-A7EE-4B69-B605-210EE3D433E0}.AppStore|iPhone.ActiveCfg = Release|Any CPU
		{748FEEC9-A7EE-4B69-B605-210EE3D433E0}.AppStore|iPhone.Build.0 = Release|Any CPU
		{748FEEC9-A7EE-4B69-B605-210EE3D433E0}.AppStore|iPhone.Deploy.0 = Release|Any CPU
		{748FEEC9-A7EE-4B69-B605-210EE3D433E0}.AppStore|iPhoneSimulator.ActiveCfg = Release|Any CPU
		{748FEEC9-A7EE-4B69-B605-210EE3D433E0}.AppStore|iPhoneSimulator.Build.0 = Release|Any CPU
		{748FEEC9-A7EE-4B69-B605-210EE3D433E0}.AppStore|iPhoneSimulator.Deploy.0 = Release|Any CPU
		{748FEEC9-A7EE-4B69-B605-210EE3D433E0}.AppStore|x64.ActiveCfg = Release|Any CPU
		{748FEEC9-A7EE-4B69-B605-210EE3D433E0}.AppStore|x64.Build.0 = Release|Any CPU
		{748FEEC9-A7EE-4B69-B605-210EE3D433E0}.AppStore|x64.Deploy.0 = Release|Any CPU
		{748FEEC9-A7EE-4B69-B605-210EE3D433E0}.AppStore|x86.ActiveCfg = Release|Any CPU
		{748FEEC9-A7EE-4B69-B605-210EE3D433E0}.AppStore|x86.Build.0 = Release|Any CPU
		{748FEEC9-A7EE-4B69-B605-210EE3D433E0}.AppStore|x86.Deploy.0 = Release|Any CPU
		{748FEEC9-A7EE-4B69-B605-210EE3D433E0}.Debug|Any CPU.ActiveCfg = Debug|Any CPU
		{748FEEC9-A7EE-4B69-B605-210EE3D433E0}.Debug|Any CPU.Build.0 = Debug|Any CPU
		{748FEEC9-A7EE-4B69-B605-210EE3D433E0}.Debug|Any CPU.Deploy.0 = Debug|Any CPU
		{748FEEC9-A7EE-4B69-B605-210EE3D433E0}.Debug|ARM.ActiveCfg = Debug|Any CPU
		{748FEEC9-A7EE-4B69-B605-210EE3D433E0}.Debug|ARM.Build.0 = Debug|Any CPU
		{748FEEC9-A7EE-4B69-B605-210EE3D433E0}.Debug|ARM.Deploy.0 = Debug|Any CPU
		{748FEEC9-A7EE-4B69-B605-210EE3D433E0}.Debug|iPhone.ActiveCfg = Debug|Any CPU
		{748FEEC9-A7EE-4B69-B605-210EE3D433E0}.Debug|iPhone.Build.0 = Debug|Any CPU
		{748FEEC9-A7EE-4B69-B605-210EE3D433E0}.Debug|iPhone.Deploy.0 = Debug|Any CPU
		{748FEEC9-A7EE-4B69-B605-210EE3D433E0}.Debug|iPhoneSimulator.ActiveCfg = Debug|Any CPU
		{748FEEC9-A7EE-4B69-B605-210EE3D433E0}.Debug|iPhoneSimulator.Build.0 = Debug|Any CPU
		{748FEEC9-A7EE-4B69-B605-210EE3D433E0}.Debug|iPhoneSimulator.Deploy.0 = Debug|Any CPU
		{748FEEC9-A7EE-4B69-B605-210EE3D433E0}.Debug|x64.ActiveCfg = Debug|Any CPU
		{748FEEC9-A7EE-4B69-B605-210EE3D433E0}.Debug|x64.Build.0 = Debug|Any CPU
		{748FEEC9-A7EE-4B69-B605-210EE3D433E0}.Debug|x64.Deploy.0 = Debug|Any CPU
		{748FEEC9-A7EE-4B69-B605-210EE3D433E0}.Debug|x86.ActiveCfg = Debug|Any CPU
		{748FEEC9-A7EE-4B69-B605-210EE3D433E0}.Debug|x86.Build.0 = Debug|Any CPU
		{748FEEC9-A7EE-4B69-B605-210EE3D433E0}.Debug|x86.Deploy.0 = Debug|Any CPU
		{748FEEC9-A7EE-4B69-B605-210EE3D433E0}.Release|Any CPU.ActiveCfg = Release|Any CPU
		{748FEEC9-A7EE-4B69-B605-210EE3D433E0}.Release|Any CPU.Build.0 = Release|Any CPU
		{748FEEC9-A7EE-4B69-B605-210EE3D433E0}.Release|Any CPU.Deploy.0 = Release|Any CPU
		{748FEEC9-A7EE-4B69-B605-210EE3D433E0}.Release|ARM.ActiveCfg = Release|Any CPU
		{748FEEC9-A7EE-4B69-B605-210EE3D433E0}.Release|ARM.Build.0 = Release|Any CPU
		{748FEEC9-A7EE-4B69-B605-210EE3D433E0}.Release|ARM.Deploy.0 = Release|Any CPU
		{748FEEC9-A7EE-4B69-B605-210EE3D433E0}.Release|iPhone.ActiveCfg = Release|Any CPU
		{748FEEC9-A7EE-4B69-B605-210EE3D433E0}.Release|iPhone.Build.0 = Release|Any CPU
		{748FEEC9-A7EE-4B69-B605-210EE3D433E0}.Release|iPhone.Deploy.0 = Release|Any CPU
		{748FEEC9-A7EE-4B69-B605-210EE3D433E0}.Release|iPhoneSimulator.ActiveCfg = Release|Any CPU
		{748FEEC9-A7EE-4B69-B605-210EE3D433E0}.Release|iPhoneSimulator.Build.0 = Release|Any CPU
		{748FEEC9-A7EE-4B69-B605-210EE3D433E0}.Release|iPhoneSimulator.Deploy.0 = Release|Any CPU
		{748FEEC9-A7EE-4B69-B605-210EE3D433E0}.Release|x64.ActiveCfg = Release|Any CPU
		{748FEEC9-A7EE-4B69-B605-210EE3D433E0}.Release|x64.Build.0 = Release|Any CPU
		{748FEEC9-A7EE-4B69-B605-210EE3D433E0}.Release|x64.Deploy.0 = Release|Any CPU
		{748FEEC9-A7EE-4B69-B605-210EE3D433E0}.Release|x86.ActiveCfg = Release|Any CPU
		{748FEEC9-A7EE-4B69-B605-210EE3D433E0}.Release|x86.Build.0 = Release|Any CPU
		{748FEEC9-A7EE-4B69-B605-210EE3D433E0}.Release|x86.Deploy.0 = Release|Any CPU
		{88A1751A-8B40-4E2D-8FF3-794B3510F0EE}.Ad-Hoc|Any CPU.ActiveCfg = Ad-Hoc|iPhone
		{88A1751A-8B40-4E2D-8FF3-794B3510F0EE}.Ad-Hoc|Any CPU.Build.0 = Ad-Hoc|iPhone
		{88A1751A-8B40-4E2D-8FF3-794B3510F0EE}.Ad-Hoc|Any CPU.Deploy.0 = Ad-Hoc|iPhone
		{88A1751A-8B40-4E2D-8FF3-794B3510F0EE}.Ad-Hoc|ARM.ActiveCfg = Ad-Hoc|iPhone
		{88A1751A-8B40-4E2D-8FF3-794B3510F0EE}.Ad-Hoc|ARM.Build.0 = Ad-Hoc|iPhone
		{88A1751A-8B40-4E2D-8FF3-794B3510F0EE}.Ad-Hoc|ARM.Deploy.0 = Ad-Hoc|iPhone
		{88A1751A-8B40-4E2D-8FF3-794B3510F0EE}.Ad-Hoc|iPhone.ActiveCfg = Ad-Hoc|iPhone
		{88A1751A-8B40-4E2D-8FF3-794B3510F0EE}.Ad-Hoc|iPhone.Build.0 = Ad-Hoc|iPhone
		{88A1751A-8B40-4E2D-8FF3-794B3510F0EE}.Ad-Hoc|iPhone.Deploy.0 = Ad-Hoc|iPhone
		{88A1751A-8B40-4E2D-8FF3-794B3510F0EE}.Ad-Hoc|iPhoneSimulator.ActiveCfg = Ad-Hoc|iPhoneSimulator
		{88A1751A-8B40-4E2D-8FF3-794B3510F0EE}.Ad-Hoc|iPhoneSimulator.Build.0 = Ad-Hoc|iPhoneSimulator
		{88A1751A-8B40-4E2D-8FF3-794B3510F0EE}.Ad-Hoc|iPhoneSimulator.Deploy.0 = Ad-Hoc|iPhoneSimulator
		{88A1751A-8B40-4E2D-8FF3-794B3510F0EE}.Ad-Hoc|x64.ActiveCfg = Ad-Hoc|iPhone
		{88A1751A-8B40-4E2D-8FF3-794B3510F0EE}.Ad-Hoc|x64.Build.0 = Ad-Hoc|iPhone
		{88A1751A-8B40-4E2D-8FF3-794B3510F0EE}.Ad-Hoc|x64.Deploy.0 = Ad-Hoc|iPhone
		{88A1751A-8B40-4E2D-8FF3-794B3510F0EE}.Ad-Hoc|x86.ActiveCfg = Ad-Hoc|iPhone
		{88A1751A-8B40-4E2D-8FF3-794B3510F0EE}.Ad-Hoc|x86.Build.0 = Ad-Hoc|iPhone
		{88A1751A-8B40-4E2D-8FF3-794B3510F0EE}.Ad-Hoc|x86.Deploy.0 = Ad-Hoc|iPhone
		{88A1751A-8B40-4E2D-8FF3-794B3510F0EE}.AppStore|Any CPU.ActiveCfg = AppStore|iPhone
		{88A1751A-8B40-4E2D-8FF3-794B3510F0EE}.AppStore|Any CPU.Build.0 = AppStore|iPhone
		{88A1751A-8B40-4E2D-8FF3-794B3510F0EE}.AppStore|Any CPU.Deploy.0 = AppStore|iPhone
		{88A1751A-8B40-4E2D-8FF3-794B3510F0EE}.AppStore|ARM.ActiveCfg = AppStore|iPhone
		{88A1751A-8B40-4E2D-8FF3-794B3510F0EE}.AppStore|ARM.Build.0 = AppStore|iPhone
		{88A1751A-8B40-4E2D-8FF3-794B3510F0EE}.AppStore|ARM.Deploy.0 = AppStore|iPhone
		{88A1751A-8B40-4E2D-8FF3-794B3510F0EE}.AppStore|iPhone.ActiveCfg = AppStore|iPhone
		{88A1751A-8B40-4E2D-8FF3-794B3510F0EE}.AppStore|iPhone.Build.0 = AppStore|iPhone
		{88A1751A-8B40-4E2D-8FF3-794B3510F0EE}.AppStore|iPhone.Deploy.0 = AppStore|iPhone
		{88A1751A-8B40-4E2D-8FF3-794B3510F0EE}.AppStore|iPhoneSimulator.ActiveCfg = AppStore|iPhoneSimulator
		{88A1751A-8B40-4E2D-8FF3-794B3510F0EE}.AppStore|iPhoneSimulator.Build.0 = AppStore|iPhoneSimulator
		{88A1751A-8B40-4E2D-8FF3-794B3510F0EE}.AppStore|iPhoneSimulator.Deploy.0 = AppStore|iPhoneSimulator
		{88A1751A-8B40-4E2D-8FF3-794B3510F0EE}.AppStore|x64.ActiveCfg = AppStore|iPhone
		{88A1751A-8B40-4E2D-8FF3-794B3510F0EE}.AppStore|x64.Build.0 = AppStore|iPhone
		{88A1751A-8B40-4E2D-8FF3-794B3510F0EE}.AppStore|x64.Deploy.0 = AppStore|iPhone
		{88A1751A-8B40-4E2D-8FF3-794B3510F0EE}.AppStore|x86.ActiveCfg = AppStore|iPhone
		{88A1751A-8B40-4E2D-8FF3-794B3510F0EE}.AppStore|x86.Build.0 = AppStore|iPhone
		{88A1751A-8B40-4E2D-8FF3-794B3510F0EE}.AppStore|x86.Deploy.0 = AppStore|iPhone
		{88A1751A-8B40-4E2D-8FF3-794B3510F0EE}.Debug|Any CPU.ActiveCfg = Debug|iPhoneSimulator
		{88A1751A-8B40-4E2D-8FF3-794B3510F0EE}.Debug|Any CPU.Build.0 = Debug|iPhoneSimulator
		{88A1751A-8B40-4E2D-8FF3-794B3510F0EE}.Debug|Any CPU.Deploy.0 = Debug|iPhoneSimulator
		{88A1751A-8B40-4E2D-8FF3-794B3510F0EE}.Debug|ARM.ActiveCfg = Debug|iPhone
		{88A1751A-8B40-4E2D-8FF3-794B3510F0EE}.Debug|ARM.Build.0 = Debug|iPhone
		{88A1751A-8B40-4E2D-8FF3-794B3510F0EE}.Debug|ARM.Deploy.0 = Debug|iPhone
		{88A1751A-8B40-4E2D-8FF3-794B3510F0EE}.Debug|iPhone.ActiveCfg = Debug|iPhone
		{88A1751A-8B40-4E2D-8FF3-794B3510F0EE}.Debug|iPhone.Build.0 = Debug|iPhone
		{88A1751A-8B40-4E2D-8FF3-794B3510F0EE}.Debug|iPhone.Deploy.0 = Debug|iPhone
		{88A1751A-8B40-4E2D-8FF3-794B3510F0EE}.Debug|iPhoneSimulator.ActiveCfg = Debug|iPhoneSimulator
		{88A1751A-8B40-4E2D-8FF3-794B3510F0EE}.Debug|iPhoneSimulator.Build.0 = Debug|iPhoneSimulator
		{88A1751A-8B40-4E2D-8FF3-794B3510F0EE}.Debug|iPhoneSimulator.Deploy.0 = Debug|iPhoneSimulator
		{88A1751A-8B40-4E2D-8FF3-794B3510F0EE}.Debug|x64.ActiveCfg = Debug|iPhone
		{88A1751A-8B40-4E2D-8FF3-794B3510F0EE}.Debug|x64.Build.0 = Debug|iPhone
		{88A1751A-8B40-4E2D-8FF3-794B3510F0EE}.Debug|x64.Deploy.0 = Debug|iPhone
		{88A1751A-8B40-4E2D-8FF3-794B3510F0EE}.Debug|x86.ActiveCfg = Debug|iPhone
		{88A1751A-8B40-4E2D-8FF3-794B3510F0EE}.Debug|x86.Build.0 = Debug|iPhone
		{88A1751A-8B40-4E2D-8FF3-794B3510F0EE}.Debug|x86.Deploy.0 = Debug|iPhone
		{88A1751A-8B40-4E2D-8FF3-794B3510F0EE}.Release|Any CPU.ActiveCfg = Release|iPhone
		{88A1751A-8B40-4E2D-8FF3-794B3510F0EE}.Release|Any CPU.Build.0 = Release|iPhone
		{88A1751A-8B40-4E2D-8FF3-794B3510F0EE}.Release|Any CPU.Deploy.0 = Release|iPhone
		{88A1751A-8B40-4E2D-8FF3-794B3510F0EE}.Release|ARM.ActiveCfg = Release|iPhone
		{88A1751A-8B40-4E2D-8FF3-794B3510F0EE}.Release|ARM.Build.0 = Release|iPhone
		{88A1751A-8B40-4E2D-8FF3-794B3510F0EE}.Release|ARM.Deploy.0 = Release|iPhone
		{88A1751A-8B40-4E2D-8FF3-794B3510F0EE}.Release|iPhone.ActiveCfg = Release|iPhone
		{88A1751A-8B40-4E2D-8FF3-794B3510F0EE}.Release|iPhone.Build.0 = Release|iPhone
		{88A1751A-8B40-4E2D-8FF3-794B3510F0EE}.Release|iPhone.Deploy.0 = Release|iPhone
		{88A1751A-8B40-4E2D-8FF3-794B3510F0EE}.Release|iPhoneSimulator.ActiveCfg = Release|iPhoneSimulator
		{88A1751A-8B40-4E2D-8FF3-794B3510F0EE}.Release|iPhoneSimulator.Build.0 = Release|iPhoneSimulator
		{88A1751A-8B40-4E2D-8FF3-794B3510F0EE}.Release|iPhoneSimulator.Deploy.0 = Release|iPhoneSimulator
		{88A1751A-8B40-4E2D-8FF3-794B3510F0EE}.Release|x64.ActiveCfg = Release|iPhone
		{88A1751A-8B40-4E2D-8FF3-794B3510F0EE}.Release|x64.Build.0 = Release|iPhone
		{88A1751A-8B40-4E2D-8FF3-794B3510F0EE}.Release|x64.Deploy.0 = Release|iPhone
		{88A1751A-8B40-4E2D-8FF3-794B3510F0EE}.Release|x86.ActiveCfg = Release|iPhone
		{88A1751A-8B40-4E2D-8FF3-794B3510F0EE}.Release|x86.Build.0 = Release|iPhone
		{88A1751A-8B40-4E2D-8FF3-794B3510F0EE}.Release|x86.Deploy.0 = Release|iPhone
		{D5C0CEB9-CB1A-4522-ABF3-686505C9F8F8}.Ad-Hoc|Any CPU.ActiveCfg = Release|x86
		{D5C0CEB9-CB1A-4522-ABF3-686505C9F8F8}.Ad-Hoc|Any CPU.Build.0 = Release|x86
		{D5C0CEB9-CB1A-4522-ABF3-686505C9F8F8}.Ad-Hoc|Any CPU.Deploy.0 = Release|x86
		{D5C0CEB9-CB1A-4522-ABF3-686505C9F8F8}.Ad-Hoc|ARM.ActiveCfg = Release|ARM
		{D5C0CEB9-CB1A-4522-ABF3-686505C9F8F8}.Ad-Hoc|ARM.Build.0 = Release|ARM
		{D5C0CEB9-CB1A-4522-ABF3-686505C9F8F8}.Ad-Hoc|ARM.Deploy.0 = Release|ARM
		{D5C0CEB9-CB1A-4522-ABF3-686505C9F8F8}.Ad-Hoc|iPhone.ActiveCfg = Release|x86
		{D5C0CEB9-CB1A-4522-ABF3-686505C9F8F8}.Ad-Hoc|iPhone.Build.0 = Release|x86
		{D5C0CEB9-CB1A-4522-ABF3-686505C9F8F8}.Ad-Hoc|iPhone.Deploy.0 = Release|x86
		{D5C0CEB9-CB1A-4522-ABF3-686505C9F8F8}.Ad-Hoc|iPhoneSimulator.ActiveCfg = Release|x86
		{D5C0CEB9-CB1A-4522-ABF3-686505C9F8F8}.Ad-Hoc|iPhoneSimulator.Build.0 = Release|x86
		{D5C0CEB9-CB1A-4522-ABF3-686505C9F8F8}.Ad-Hoc|iPhoneSimulator.Deploy.0 = Release|x86
		{D5C0CEB9-CB1A-4522-ABF3-686505C9F8F8}.Ad-Hoc|x64.ActiveCfg = Release|x64
		{D5C0CEB9-CB1A-4522-ABF3-686505C9F8F8}.Ad-Hoc|x64.Build.0 = Release|x64
		{D5C0CEB9-CB1A-4522-ABF3-686505C9F8F8}.Ad-Hoc|x64.Deploy.0 = Release|x64
		{D5C0CEB9-CB1A-4522-ABF3-686505C9F8F8}.Ad-Hoc|x86.ActiveCfg = Release|x86
		{D5C0CEB9-CB1A-4522-ABF3-686505C9F8F8}.Ad-Hoc|x86.Build.0 = Release|x86
		{D5C0CEB9-CB1A-4522-ABF3-686505C9F8F8}.Ad-Hoc|x86.Deploy.0 = Release|x86
		{D5C0CEB9-CB1A-4522-ABF3-686505C9F8F8}.AppStore|Any CPU.ActiveCfg = Release|x86
		{D5C0CEB9-CB1A-4522-ABF3-686505C9F8F8}.AppStore|Any CPU.Build.0 = Release|x86
		{D5C0CEB9-CB1A-4522-ABF3-686505C9F8F8}.AppStore|Any CPU.Deploy.0 = Release|x86
		{D5C0CEB9-CB1A-4522-ABF3-686505C9F8F8}.AppStore|ARM.ActiveCfg = Release|ARM
		{D5C0CEB9-CB1A-4522-ABF3-686505C9F8F8}.AppStore|ARM.Build.0 = Release|ARM
		{D5C0CEB9-CB1A-4522-ABF3-686505C9F8F8}.AppStore|ARM.Deploy.0 = Release|ARM
		{D5C0CEB9-CB1A-4522-ABF3-686505C9F8F8}.AppStore|iPhone.ActiveCfg = Release|x86
		{D5C0CEB9-CB1A-4522-ABF3-686505C9F8F8}.AppStore|iPhone.Build.0 = Release|x86
		{D5C0CEB9-CB1A-4522-ABF3-686505C9F8F8}.AppStore|iPhone.Deploy.0 = Release|x86
		{D5C0CEB9-CB1A-4522-ABF3-686505C9F8F8}.AppStore|iPhoneSimulator.ActiveCfg = Release|x86
		{D5C0CEB9-CB1A-4522-ABF3-686505C9F8F8}.AppStore|iPhoneSimulator.Build.0 = Release|x86
		{D5C0CEB9-CB1A-4522-ABF3-686505C9F8F8}.AppStore|iPhoneSimulator.Deploy.0 = Release|x86
		{D5C0CEB9-CB1A-4522-ABF3-686505C9F8F8}.AppStore|x64.ActiveCfg = Release|x64
		{D5C0CEB9-CB1A-4522-ABF3-686505C9F8F8}.AppStore|x64.Build.0 = Release|x64
		{D5C0CEB9-CB1A-4522-ABF3-686505C9F8F8}.AppStore|x64.Deploy.0 = Release|x64
		{D5C0CEB9-CB1A-4522-ABF3-686505C9F8F8}.AppStore|x86.ActiveCfg = Release|x86
		{D5C0CEB9-CB1A-4522-ABF3-686505C9F8F8}.AppStore|x86.Build.0 = Release|x86
		{D5C0CEB9-CB1A-4522-ABF3-686505C9F8F8}.AppStore|x86.Deploy.0 = Release|x86
		{D5C0CEB9-CB1A-4522-ABF3-686505C9F8F8}.Debug|Any CPU.ActiveCfg = Debug|x86
		{D5C0CEB9-CB1A-4522-ABF3-686505C9F8F8}.Debug|Any CPU.Build.0 = Debug|x86
		{D5C0CEB9-CB1A-4522-ABF3-686505C9F8F8}.Debug|Any CPU.Deploy.0 = Debug|x86
		{D5C0CEB9-CB1A-4522-ABF3-686505C9F8F8}.Debug|ARM.ActiveCfg = Debug|ARM
		{D5C0CEB9-CB1A-4522-ABF3-686505C9F8F8}.Debug|ARM.Build.0 = Debug|ARM
		{D5C0CEB9-CB1A-4522-ABF3-686505C9F8F8}.Debug|ARM.Deploy.0 = Debug|ARM
		{D5C0CEB9-CB1A-4522-ABF3-686505C9F8F8}.Debug|iPhone.ActiveCfg = Debug|x86
		{D5C0CEB9-CB1A-4522-ABF3-686505C9F8F8}.Debug|iPhone.Build.0 = Debug|x86
		{D5C0CEB9-CB1A-4522-ABF3-686505C9F8F8}.Debug|iPhone.Deploy.0 = Debug|x86
		{D5C0CEB9-CB1A-4522-ABF3-686505C9F8F8}.Debug|iPhoneSimulator.ActiveCfg = Debug|x86
		{D5C0CEB9-CB1A-4522-ABF3-686505C9F8F8}.Debug|iPhoneSimulator.Build.0 = Debug|x86
		{D5C0CEB9-CB1A-4522-ABF3-686505C9F8F8}.Debug|iPhoneSimulator.Deploy.0 = Debug|x86
		{D5C0CEB9-CB1A-4522-ABF3-686505C9F8F8}.Debug|x64.ActiveCfg = Debug|x64
		{D5C0CEB9-CB1A-4522-ABF3-686505C9F8F8}.Debug|x64.Build.0 = Debug|x64
		{D5C0CEB9-CB1A-4522-ABF3-686505C9F8F8}.Debug|x64.Deploy.0 = Debug|x64
		{D5C0CEB9-CB1A-4522-ABF3-686505C9F8F8}.Debug|x86.ActiveCfg = Debug|x86
		{D5C0CEB9-CB1A-4522-ABF3-686505C9F8F8}.Debug|x86.Build.0 = Debug|x86
		{D5C0CEB9-CB1A-4522-ABF3-686505C9F8F8}.Debug|x86.Deploy.0 = Debug|x86
		{D5C0CEB9-CB1A-4522-ABF3-686505C9F8F8}.Release|Any CPU.ActiveCfg = Release|x86
		{D5C0CEB9-CB1A-4522-ABF3-686505C9F8F8}.Release|Any CPU.Build.0 = Release|x86
		{D5C0CEB9-CB1A-4522-ABF3-686505C9F8F8}.Release|Any CPU.Deploy.0 = Release|x86
		{D5C0CEB9-CB1A-4522-ABF3-686505C9F8F8}.Release|ARM.ActiveCfg = Release|ARM
		{D5C0CEB9-CB1A-4522-ABF3-686505C9F8F8}.Release|ARM.Build.0 = Release|ARM
		{D5C0CEB9-CB1A-4522-ABF3-686505C9F8F8}.Release|ARM.Deploy.0 = Release|ARM
		{D5C0CEB9-CB1A-4522-ABF3-686505C9F8F8}.Release|iPhone.ActiveCfg = Release|x86
		{D5C0CEB9-CB1A-4522-ABF3-686505C9F8F8}.Release|iPhone.Build.0 = Release|x86
		{D5C0CEB9-CB1A-4522-ABF3-686505C9F8F8}.Release|iPhone.Deploy.0 = Release|x86
		{D5C0CEB9-CB1A-4522-ABF3-686505C9F8F8}.Release|iPhoneSimulator.ActiveCfg = Release|x86
		{D5C0CEB9-CB1A-4522-ABF3-686505C9F8F8}.Release|iPhoneSimulator.Build.0 = Release|x86
		{D5C0CEB9-CB1A-4522-ABF3-686505C9F8F8}.Release|iPhoneSimulator.Deploy.0 = Release|x86
		{D5C0CEB9-CB1A-4522-ABF3-686505C9F8F8}.Release|x64.ActiveCfg = Release|x64
		{D5C0CEB9-CB1A-4522-ABF3-686505C9F8F8}.Release|x64.Build.0 = Release|x64
		{D5C0CEB9-CB1A-4522-ABF3-686505C9F8F8}.Release|x64.Deploy.0 = Release|x64
		{D5C0CEB9-CB1A-4522-ABF3-686505C9F8F8}.Release|x86.ActiveCfg = Release|x86
		{D5C0CEB9-CB1A-4522-ABF3-686505C9F8F8}.Release|x86.Build.0 = Release|x86
		{D5C0CEB9-CB1A-4522-ABF3-686505C9F8F8}.Release|x86.Deploy.0 = Release|x86
		{2E55F949-9CDD-425F-BA59-46946F9ED077}.Ad-Hoc|Any CPU.ActiveCfg = Debug|Any CPU
		{2E55F949-9CDD-425F-BA59-46946F9ED077}.Ad-Hoc|Any CPU.Build.0 = Debug|Any CPU
		{2E55F949-9CDD-425F-BA59-46946F9ED077}.Ad-Hoc|Any CPU.Deploy.0 = Debug|Any CPU
		{2E55F949-9CDD-425F-BA59-46946F9ED077}.Ad-Hoc|ARM.ActiveCfg = Debug|Any CPU
		{2E55F949-9CDD-425F-BA59-46946F9ED077}.Ad-Hoc|ARM.Build.0 = Debug|Any CPU
		{2E55F949-9CDD-425F-BA59-46946F9ED077}.Ad-Hoc|ARM.Deploy.0 = Debug|Any CPU
		{2E55F949-9CDD-425F-BA59-46946F9ED077}.Ad-Hoc|iPhone.ActiveCfg = Debug|Any CPU
		{2E55F949-9CDD-425F-BA59-46946F9ED077}.Ad-Hoc|iPhone.Build.0 = Debug|Any CPU
		{2E55F949-9CDD-425F-BA59-46946F9ED077}.Ad-Hoc|iPhone.Deploy.0 = Debug|Any CPU
		{2E55F949-9CDD-425F-BA59-46946F9ED077}.Ad-Hoc|iPhoneSimulator.ActiveCfg = Debug|Any CPU
		{2E55F949-9CDD-425F-BA59-46946F9ED077}.Ad-Hoc|iPhoneSimulator.Build.0 = Debug|Any CPU
		{2E55F949-9CDD-425F-BA59-46946F9ED077}.Ad-Hoc|iPhoneSimulator.Deploy.0 = Debug|Any CPU
		{2E55F949-9CDD-425F-BA59-46946F9ED077}.Ad-Hoc|x64.ActiveCfg = Debug|Any CPU
		{2E55F949-9CDD-425F-BA59-46946F9ED077}.Ad-Hoc|x64.Build.0 = Debug|Any CPU
		{2E55F949-9CDD-425F-BA59-46946F9ED077}.Ad-Hoc|x64.Deploy.0 = Debug|Any CPU
		{2E55F949-9CDD-425F-BA59-46946F9ED077}.Ad-Hoc|x86.ActiveCfg = Debug|Any CPU
		{2E55F949-9CDD-425F-BA59-46946F9ED077}.Ad-Hoc|x86.Build.0 = Debug|Any CPU
		{2E55F949-9CDD-425F-BA59-46946F9ED077}.Ad-Hoc|x86.Deploy.0 = Debug|Any CPU
		{2E55F949-9CDD-425F-BA59-46946F9ED077}.AppStore|Any CPU.ActiveCfg = Debug|Any CPU
		{2E55F949-9CDD-425F-BA59-46946F9ED077}.AppStore|Any CPU.Build.0 = Debug|Any CPU
		{2E55F949-9CDD-425F-BA59-46946F9ED077}.AppStore|Any CPU.Deploy.0 = Debug|Any CPU
		{2E55F949-9CDD-425F-BA59-46946F9ED077}.AppStore|ARM.ActiveCfg = Debug|Any CPU
		{2E55F949-9CDD-425F-BA59-46946F9ED077}.AppStore|ARM.Build.0 = Debug|Any CPU
		{2E55F949-9CDD-425F-BA59-46946F9ED077}.AppStore|ARM.Deploy.0 = Debug|Any CPU
		{2E55F949-9CDD-425F-BA59-46946F9ED077}.AppStore|iPhone.ActiveCfg = Debug|Any CPU
		{2E55F949-9CDD-425F-BA59-46946F9ED077}.AppStore|iPhone.Build.0 = Debug|Any CPU
		{2E55F949-9CDD-425F-BA59-46946F9ED077}.AppStore|iPhone.Deploy.0 = Debug|Any CPU
		{2E55F949-9CDD-425F-BA59-46946F9ED077}.AppStore|iPhoneSimulator.ActiveCfg = Debug|Any CPU
		{2E55F949-9CDD-425F-BA59-46946F9ED077}.AppStore|iPhoneSimulator.Build.0 = Debug|Any CPU
		{2E55F949-9CDD-425F-BA59-46946F9ED077}.AppStore|iPhoneSimulator.Deploy.0 = Debug|Any CPU
		{2E55F949-9CDD-425F-BA59-46946F9ED077}.AppStore|x64.ActiveCfg = Debug|Any CPU
		{2E55F949-9CDD-425F-BA59-46946F9ED077}.AppStore|x64.Build.0 = Debug|Any CPU
		{2E55F949-9CDD-425F-BA59-46946F9ED077}.AppStore|x64.Deploy.0 = Debug|Any CPU
		{2E55F949-9CDD-425F-BA59-46946F9ED077}.AppStore|x86.ActiveCfg = Debug|Any CPU
		{2E55F949-9CDD-425F-BA59-46946F9ED077}.AppStore|x86.Build.0 = Debug|Any CPU
		{2E55F949-9CDD-425F-BA59-46946F9ED077}.AppStore|x86.Deploy.0 = Debug|Any CPU
		{2E55F949-9CDD-425F-BA59-46946F9ED077}.Debug|Any CPU.ActiveCfg = Debug|Any CPU
		{2E55F949-9CDD-425F-BA59-46946F9ED077}.Debug|Any CPU.Build.0 = Debug|Any CPU
		{2E55F949-9CDD-425F-BA59-46946F9ED077}.Debug|Any CPU.Deploy.0 = Debug|Any CPU
		{2E55F949-9CDD-425F-BA59-46946F9ED077}.Debug|ARM.ActiveCfg = Debug|Any CPU
		{2E55F949-9CDD-425F-BA59-46946F9ED077}.Debug|ARM.Build.0 = Debug|Any CPU
		{2E55F949-9CDD-425F-BA59-46946F9ED077}.Debug|ARM.Deploy.0 = Debug|Any CPU
		{2E55F949-9CDD-425F-BA59-46946F9ED077}.Debug|iPhone.ActiveCfg = Debug|Any CPU
		{2E55F949-9CDD-425F-BA59-46946F9ED077}.Debug|iPhone.Build.0 = Debug|Any CPU
		{2E55F949-9CDD-425F-BA59-46946F9ED077}.Debug|iPhone.Deploy.0 = Debug|Any CPU
		{2E55F949-9CDD-425F-BA59-46946F9ED077}.Debug|iPhoneSimulator.ActiveCfg = Debug|Any CPU
		{2E55F949-9CDD-425F-BA59-46946F9ED077}.Debug|iPhoneSimulator.Build.0 = Debug|Any CPU
		{2E55F949-9CDD-425F-BA59-46946F9ED077}.Debug|iPhoneSimulator.Deploy.0 = Debug|Any CPU
		{2E55F949-9CDD-425F-BA59-46946F9ED077}.Debug|x64.ActiveCfg = Debug|Any CPU
		{2E55F949-9CDD-425F-BA59-46946F9ED077}.Debug|x64.Build.0 = Debug|Any CPU
		{2E55F949-9CDD-425F-BA59-46946F9ED077}.Debug|x64.Deploy.0 = Debug|Any CPU
		{2E55F949-9CDD-425F-BA59-46946F9ED077}.Debug|x86.ActiveCfg = Debug|Any CPU
		{2E55F949-9CDD-425F-BA59-46946F9ED077}.Debug|x86.Build.0 = Debug|Any CPU
		{2E55F949-9CDD-425F-BA59-46946F9ED077}.Debug|x86.Deploy.0 = Debug|Any CPU
		{2E55F949-9CDD-425F-BA59-46946F9ED077}.Release|Any CPU.ActiveCfg = Release|Any CPU
		{2E55F949-9CDD-425F-BA59-46946F9ED077}.Release|Any CPU.Build.0 = Release|Any CPU
		{2E55F949-9CDD-425F-BA59-46946F9ED077}.Release|Any CPU.Deploy.0 = Release|Any CPU
		{2E55F949-9CDD-425F-BA59-46946F9ED077}.Release|ARM.ActiveCfg = Release|Any CPU
		{2E55F949-9CDD-425F-BA59-46946F9ED077}.Release|ARM.Build.0 = Release|Any CPU
		{2E55F949-9CDD-425F-BA59-46946F9ED077}.Release|ARM.Deploy.0 = Release|Any CPU
		{2E55F949-9CDD-425F-BA59-46946F9ED077}.Release|iPhone.ActiveCfg = Release|Any CPU
		{2E55F949-9CDD-425F-BA59-46946F9ED077}.Release|iPhone.Build.0 = Release|Any CPU
		{2E55F949-9CDD-425F-BA59-46946F9ED077}.Release|iPhone.Deploy.0 = Release|Any CPU
		{2E55F949-9CDD-425F-BA59-46946F9ED077}.Release|iPhoneSimulator.ActiveCfg = Release|Any CPU
		{2E55F949-9CDD-425F-BA59-46946F9ED077}.Release|iPhoneSimulator.Build.0 = Release|Any CPU
		{2E55F949-9CDD-425F-BA59-46946F9ED077}.Release|iPhoneSimulator.Deploy.0 = Release|Any CPU
		{2E55F949-9CDD-425F-BA59-46946F9ED077}.Release|x64.ActiveCfg = Release|Any CPU
		{2E55F949-9CDD-425F-BA59-46946F9ED077}.Release|x64.Build.0 = Release|Any CPU
		{2E55F949-9CDD-425F-BA59-46946F9ED077}.Release|x64.Deploy.0 = Release|Any CPU
		{2E55F949-9CDD-425F-BA59-46946F9ED077}.Release|x86.ActiveCfg = Release|Any CPU
		{2E55F949-9CDD-425F-BA59-46946F9ED077}.Release|x86.Build.0 = Release|Any CPU
		{2E55F949-9CDD-425F-BA59-46946F9ED077}.Release|x86.Deploy.0 = Release|Any CPU
	EndGlobalSection
	GlobalSection(SolutionProperties) = preSolution
		HideSolutionNode = FALSE
	EndGlobalSection
	GlobalSection(ExtensibilityGlobals) = postSolution
		SolutionGuid = {B8841291-AF4A-4FC1-8BC6-48180B38CFA3}
	EndGlobalSection
EndGlobal
